// !$*UTF8*$!
{
	archiveVersion = 1;
	classes = {
	};
	objectVersion = 46;
	objects = {

/* Begin PBXBuildFile section */
		B5C4B1D61F3C2E6C002C3016 /* AppDelegate.swift in Sources */ = {isa = PBXBuildFile; fileRef = B5C4B1D51F3C2E6C002C3016 /* AppDelegate.swift */; };
		B5C4B1D81F3C2E6D002C3016 /* ViewController.swift in Sources */ = {isa = PBXBuildFile; fileRef = B5C4B1D71F3C2E6D002C3016 /* ViewController.swift */; };
		B5C4B1DB1F3C2E6D002C3016 /* Main.storyboard in Resources */ = {isa = PBXBuildFile; fileRef = B5C4B1D91F3C2E6D002C3016 /* Main.storyboard */; };
		B5C4B1DE1F3C2E6D002C3016 /* week9_1.xcdatamodeld in Sources */ = {isa = PBXBuildFile; fileRef = B5C4B1DC1F3C2E6D002C3016 /* week9_1.xcdatamodeld */; };
		B5C4B1E01F3C2E6D002C3016 /* Assets.xcassets in Resources */ = {isa = PBXBuildFile; fileRef = B5C4B1DF1F3C2E6D002C3016 /* Assets.xcassets */; };
		B5C4B1E31F3C2E6D002C3016 /* LaunchScreen.storyboard in Resources */ = {isa = PBXBuildFile; fileRef = B5C4B1E11F3C2E6D002C3016 /* LaunchScreen.storyboard */; };
		B5C4B1EB1F3C2F39002C3016 /* TableViewCell.swift in Sources */ = {isa = PBXBuildFile; fileRef = B5C4B1EA1F3C2F39002C3016 /* TableViewCell.swift */; };
		B5C4B1EE1F3C308E002C3016 /* Car+CoreDataClass.swift in Sources */ = {isa = PBXBuildFile; fileRef = B5C4B1EC1F3C308E002C3016 /* Car+CoreDataClass.swift */; };
		B5C4B1EF1F3C308E002C3016 /* Car+CoreDataProperties.swift in Sources */ = {isa = PBXBuildFile; fileRef = B5C4B1ED1F3C308E002C3016 /* Car+CoreDataProperties.swift */; };
/* End PBXBuildFile section */

/* Begin PBXFileReference section */
		B5C4B1D21F3C2E6C002C3016 /* week9.1.app */ = {isa = PBXFileReference; explicitFileType = wrapper.application; includeInIndex = 0; path = week9.1.app; sourceTree = BUILT_PRODUCTS_DIR; };
		B5C4B1D51F3C2E6C002C3016 /* AppDelegate.swift */ = {isa = PBXFileReference; lastKnownFileType = sourcecode.swift; path = AppDelegate.swift; sourceTree = "<group>"; };
		B5C4B1D71F3C2E6D002C3016 /* ViewController.swift */ = {isa = PBXFileReference; lastKnownFileType = sourcecode.swift; path = ViewController.swift; sourceTree = "<group>"; };
		B5C4B1DA1F3C2E6D002C3016 /* Base */ = {isa = PBXFileReference; lastKnownFileType = file.storyboard; name = Base; path = Base.lproj/Main.storyboard; sourceTree = "<group>"; };
		B5C4B1DD1F3C2E6D002C3016 /* week9_1.xcdatamodel */ = {isa = PBXFileReference; lastKnownFileType = wrapper.xcdatamodel; path = week9_1.xcdatamodel; sourceTree = "<group>"; };
		B5C4B1DF1F3C2E6D002C3016 /* Assets.xcassets */ = {isa = PBXFileReference; lastKnownFileType = folder.assetcatalog; path = Assets.xcassets; sourceTree = "<group>"; };
		B5C4B1E21F3C2E6D002C3016 /* Base */ = {isa = PBXFileReference; lastKnownFileType = file.storyboard; name = Base; path = Base.lproj/LaunchScreen.storyboard; sourceTree = "<group>"; };
		B5C4B1E41F3C2E6D002C3016 /* Info.plist */ = {isa = PBXFileReference; lastKnownFileType = text.plist.xml; path = Info.plist; sourceTree = "<group>"; };
		B5C4B1EA1F3C2F39002C3016 /* TableViewCell.swift */ = {isa = PBXFileReference; fileEncoding = 4; lastKnownFileType = sourcecode.swift; path = TableViewCell.swift; sourceTree = "<group>"; };
		B5C4B1EC1F3C308E002C3016 /* Car+CoreDataClass.swift */ = {isa = PBXFileReference; fileEncoding = 4; lastKnownFileType = sourcecode.swift; path = "Car+CoreDataClass.swift"; sourceTree = "<group>"; };
		B5C4B1ED1F3C308E002C3016 /* Car+CoreDataProperties.swift */ = {isa = PBXFileReference; fileEncoding = 4; lastKnownFileType = sourcecode.swift; path = "Car+CoreDataProperties.swift"; sourceTree = "<group>"; };
/* End PBXFileReference section */

/* Begin PBXFrameworksBuildPhase section */
		B5C4B1CF1F3C2E6C002C3016 /* Frameworks */ = {
			isa = PBXFrameworksBuildPhase;
			buildActionMask = 2147483647;
			files = (
			);
			runOnlyForDeploymentPostprocessing = 0;
		};
/* End PBXFrameworksBuildPhase section */

/* Begin PBXGroup section */
		B5C4B1C91F3C2E6C002C3016 = {
			isa = PBXGroup;
			children = (
				B5C4B1EC1F3C308E002C3016 /* Car+CoreDataClass.swift */,
				B5C4B1ED1F3C308E002C3016 /* Car+CoreDataProperties.swift */,
				B5C4B1D41F3C2E6C002C3016 /* week9.1 */,
				B5C4B1D31F3C2E6C002C3016 /* Products */,
			);
			sourceTree = "<group>";
		};
		B5C4B1D31F3C2E6C002C3016 /* Products */ = {
			isa = PBXGroup;
			children = (
				B5C4B1D21F3C2E6C002C3016 /* week9.1.app */,
			);
			name = Products;
			sourceTree = "<group>";
		};
		B5C4B1D41F3C2E6C002C3016 /* week9.1 */ = {
			isa = PBXGroup;
			children = (
				B5C4B1D51F3C2E6C002C3016 /* AppDelegate.swift */,
				B5C4B1D71F3C2E6D002C3016 /* ViewController.swift */,
				B5C4B1EA1F3C2F39002C3016 /* TableViewCell.swift */,
				B5C4B1D91F3C2E6D002C3016 /* Main.storyboard */,
				B5C4B1DF1F3C2E6D002C3016 /* Assets.xcassets */,
				B5C4B1E11F3C2E6D002C3016 /* LaunchScreen.storyboard */,
				B5C4B1E41F3C2E6D002C3016 /* Info.plist */,
				B5C4B1DC1F3C2E6D002C3016 /* week9_1.xcdatamodeld */,
			);
			path = week9.1;
			sourceTree = "<group>";
		};
/* End PBXGroup section */

/* Begin PBXNativeTarget section */
		B5C4B1D11F3C2E6C002C3016 /* week9.1 */ = {
			isa = PBXNativeTarget;
			buildConfigurationList = B5C4B1E71F3C2E6D002C3016 /* Build configuration list for PBXNativeTarget "week9.1" */;
			buildPhases = (
				B5C4B1CE1F3C2E6C002C3016 /* Sources */,
				B5C4B1CF1F3C2E6C002C3016 /* Frameworks */,
				B5C4B1D01F3C2E6C002C3016 /* Resources */,
			);
			buildRules = (
			);
			dependencies = (
			);
			name = week9.1;
			productName = week9.1;
			productReference = B5C4B1D21F3C2E6C002C3016 /* week9.1.app */;
			productType = "com.apple.product-type.application";
		};
/* End PBXNativeTarget section */

/* Begin PBXProject section */
		B5C4B1CA1F3C2E6C002C3016 /* Project object */ = {
			isa = PBXProject;
			attributes = {
				LastSwiftUpdateCheck = 0820;
				LastUpgradeCheck = 0820;
				ORGANIZATIONNAME = appzoc;
				TargetAttributes = {
					B5C4B1D11F3C2E6C002C3016 = {
						CreatedOnToolsVersion = 8.2.1;
						ProvisioningStyle = Automatic;
					};
				};
			};
			buildConfigurationList = B5C4B1CD1F3C2E6C002C3016 /* Build configuration list for PBXProject "week9.1" */;
			compatibilityVersion = "Xcode 3.2";
			developmentRegion = English;
			hasScannedForEncodings = 0;
			knownRegions = (
				en,
				Base,
			);
			mainGroup = B5C4B1C91F3C2E6C002C3016;
			productRefGroup = B5C4B1D31F3C2E6C002C3016 /* Products */;
			projectDirPath = "";
			projectRoot = "";
			targets = (
				B5C4B1D11F3C2E6C002C3016 /* week9.1 */,
			);
		};
/* End PBXProject section */

/* Begin PBXResourcesBuildPhase section */
		B5C4B1D01F3C2E6C002C3016 /* Resources */ = {
			isa = PBXResourcesBuildPhase;
			buildActionMask = 2147483647;
			files = (
				B5C4B1E31F3C2E6D002C3016 /* LaunchScreen.storyboard in Resources */,
				B5C4B1E01F3C2E6D002C3016 /* Assets.xcassets in Resources */,
				B5C4B1DB1F3C2E6D002C3016 /* Main.storyboard in Resources */,
			);
			runOnlyForDeploymentPostprocessing = 0;
		};
/* End PBXResourcesBuildPhase section */

/* Begin PBXSourcesBuildPhase section */
		B5C4B1CE1F3C2E6C002C3016 /* Sources */ = {
			isa = PBXSourcesBuildPhase;
			buildActionMask = 2147483647;
			files = (
				B5C4B1D81F3C2E6D002C3016 /* ViewController.swift in Sources */,
				B5C4B1EB1F3C2F39002C3016 /* TableViewCell.swift in Sources */,
				B5C4B1D61F3C2E6C002C3016 /* AppDelegate.swift in Sources */,
				B5C4B1EE1F3C308E002C3016 /* Car+CoreDataClass.swift in Sources */,
				B5C4B1EF1F3C308E002C3016 /* Car+CoreDataProperties.swift in Sources */,
				B5C4B1DE1F3C2E6D002C3016 /* week9_1.xcdatamodeld in Sources */,
			);
			runOnlyForDeploymentPostprocessing = 0;
		};
/* End PBXSourcesBuildPhase section */

/* Begin PBXVariantGroup section */
		B5C4B1D91F3C2E6D002C3016 /* Main.storyboard */ = {
			isa = PBXVariantGroup;
			children = (
				B5C4B1DA1F3C2E6D002C3016 /* Base */,
			);
			name = Main.storyboard;
			sourceTree = "<group>";
		};
		B5C4B1E11F3C2E6D002C3016 /* LaunchScreen.storyboard */ = {
			isa = PBXVariantGroup;
			children = (
				B5C4B1E21F3C2E6D002C3016 /* Base */,
			);
			name = LaunchScreen.storyboard;
			sourceTree = "<group>";
		};
/* End PBXVariantGroup section */

/* Begin XCBuildConfiguration section */
		B5C4B1E51F3C2E6D002C3016 /* Debug */ = {
			isa = XCBuildConfiguration;
			buildSettings = {
				ALWAYS_SEARCH_USER_PATHS = NO;
				CLANG_ANALYZER_NONNULL = YES;
				CLANG_CXX_LANGUAGE_STANDARD = "gnu++0x";
				CLANG_CXX_LIBRARY = "libc++";
				CLANG_ENABLE_MODULES = YES;
				CLANG_ENABLE_OBJC_ARC = YES;
				CLANG_WARN_BOOL_CONVERSION = YES;
				CLANG_WARN_CONSTANT_CONVERSION = YES;
				CLANG_WARN_DIRECT_OBJC_ISA_USAGE = YES_ERROR;
				CLANG_WARN_DOCUMENTATION_COMMENTS = YES;
				CLANG_WARN_EMPTY_BODY = YES;
				CLANG_WARN_ENUM_CONVERSION = YES;
				CLANG_WARN_INFINITE_RECURSION = YES;
				CLANG_WARN_INT_CONVERSION = YES;
				CLANG_WARN_OBJC_ROOT_CLASS = YES_ERROR;
				CLANG_WARN_SUSPICIOUS_MOVE = YES;
				CLANG_WARN_UNREACHABLE_CODE = YES;
				CLANG_WARN__DUPLICATE_METHOD_MATCH = YES;
				"CODE_SIGN_IDENTITY[sdk=iphoneos*]" = "iPhone Developer";
				COPY_PHASE_STRIP = NO;
				DEBUG_INFORMATION_FORMAT = dwarf;
				ENABLE_STRICT_OBJC_MSGSEND = YES;
				ENABLE_TESTABILITY = YES;
				GCC_C_LANGUAGE_STANDARD = gnu99;
				GCC_DYNAMIC_NO_PIC = NO;
				GCC_NO_COMMON_BLOCKS = YES;
				GCC_OPTIMIZATION_LEVEL = 0;
				GCC_PREPROCESSOR_DEFINITIONS = (
					"DEBUG=1",
					"$(inherited)",
				);
				GCC_WARN_64_TO_32_BIT_CONVERSION = YES;
				GCC_WARN_ABOUT_RETURN_TYPE = YES_ERROR;
				GCC_WARN_UNDECLARED_SELECTOR = YES;
				GCC_WARN_UNINITIALIZED_AUTOS = YES_AGGRESSIVE;
				GCC_WARN_UNUSED_FUNCTION = YES;
				GCC_WARN_UNUSED_VARIABLE = YES;
				IPHONEOS_DEPLOYMENT_TARGET = 10.2;
				MTL_ENABLE_DEBUG_INFO = YES;
				ONLY_ACTIVE_ARCH = YES;
				SDKROOT = iphoneos;
				SWIFT_ACTIVE_COMPILATION_CONDITIONS = DEBUG;
				SWIFT_OPTIMIZATION_LEVEL = "-Onone";
			};
			name = Debug;
		};
		B5C4B1E61F3C2E6D002C3016 /* Release */ = {
			isa = XCBuildConfiguration;
			buildSettings = {
				ALWAYS_SEARCH_USER_PATHS = NO;
				CLANG_ANALYZER_NONNULL = YES;
				CLANG_CXX_LANGUAGE_STANDARD = "gnu++0x";
				CLANG_CXX_LIBRARY = "libc++";
				CLANG_ENABLE_MODULES = YES;
				CLANG_ENABLE_OBJC_ARC = YES;
				CLANG_WARN_BOOL_CONVERSION = YES;
				CLANG_WARN_CONSTANT_CONVERSION = YES;
				CLANG_WARN_DIRECT_OBJC_ISA_USAGE = YES_ERROR;
				CLANG_WARN_DOCUMENTATION_COMMENTS = YES;
				CLANG_WARN_EMPTY_BODY = YES;
				CLANG_WARN_ENUM_CONVERSION = YES;
				CLANG_WARN_INFINITE_RECURSION = YES;
				CLANG_WARN_INT_CONVERSION = YES;
				CLANG_WARN_OBJC_ROOT_CLASS = YES_ERROR;
				CLANG_WARN_SUSPICIOUS_MOVE = YES;
				CLANG_WARN_UNREACHABLE_CODE = YES;
				CLANG_WARN__DUPLICATE_METHOD_MATCH = YES;
				"CODE_SIGN_IDENTITY[sdk=iphoneos*]" = "iPhone Developer";
				COPY_PHASE_STRIP = NO;
				DEBUG_INFORMATION_FORMAT = "dwarf-with-dsym";
				ENABLE_NS_ASSERTIONS = NO;
				ENABLE_STRICT_OBJC_MSGSEND = YES;
				GCC_C_LANGUAGE_STANDARD = gnu99;
				GCC_NO_COMMON_BLOCKS = YES;
				GCC_WARN_64_TO_32_BIT_CONVERSION = YES;
				GCC_WARN_ABOUT_RETURN_TYPE = YES_ERROR;
				GCC_WARN_UNDECLARED_SELECTOR = YES;
				GCC_WARN_UNINITIALIZED_AUTOS = YES_AGGRESSIVE;
				GCC_WARN_UNUSED_FUNCTION = YES;
				GCC_WARN_UNUSED_VARIABLE = YES;
				IPHONEOS_DEPLOYMENT_TARGET = 10.2;
				MTL_ENABLE_DEBUG_INFO = NO;
				SDKROOT = iphoneos;
				SWIFT_OPTIMIZATION_LEVEL = "-Owholemodule";
				VALIDATE_PRODUCT = YES;
			};
			name = Release;
		};
		B5C4B1E81F3C2E6D002C3016 /* Debug */ = {
			isa = XCBuildConfiguration;
			buildSettings = {
				ASSETCATALOG_COMPILER_APPICON_NAME = AppIcon;
				INFOPLIST_FILE = week9.1/Info.plist;
				LD_RUNPATH_SEARCH_PATHS = "$(inherited) @executable_path/Frameworks";
				PRODUCT_BUNDLE_IDENTIFIER = "com.appzoc.week9-1";
				PRODUCT_NAME = "$(TARGET_NAME)";
				SWIFT_VERSION = 3.0;
			};
			name = Debug;
		};
		B5C4B1E91F3C2E6D002C3016 /* Release */ = {
			isa = XCBuildConfiguration;
			buildSettings = {
				ASSETCATALOG_COMPILER_APPICON_NAME = AppIcon;
				INFOPLIST_FILE = week9.1/Info.plist;
				LD_RUNPATH_SEARCH_PATHS = "$(inherited) @executable_path/Frameworks";
				PRODUCT_BUNDLE_IDENTIFIER = "com.appzoc.week9-1";
				PRODUCT_NAME = "$(TARGET_NAME)";
				SWIFT_VERSION = 3.0;
			};
			name = Release;
		};
/* End XCBuildConfiguration section */

/* Begin XCConfigurationList section */
		B5C4B1CD1F3C2E6C002C3016 /* Build configuration list for PBXProject "week9.1" */ = {
			isa = XCConfigurationList;
			buildConfigurations = (
				B5C4B1E51F3C2E6D002C3016 /* Debug */,
				B5C4B1E61F3C2E6D002C3016 /* Release */,
			);
			defaultConfigurationIsVisible = 0;
			defaultConfigurationName = Release;
		};
		B5C4B1E71F3C2E6D002C3016 /* Build configuration list for PBXNativeTarget "week9.1" */ = {
			isa = XCConfigurationList;
			buildConfigurations = (
				B5C4B1E81F3C2E6D002C3016 /* Debug */,
				B5C4B1E91F3C2E6D002C3016 /* Release */,
			);
			defaultConfigurationIsVisible = 0;
		};
/* End XCConfigurationList section */

/* Begin XCVersionGroup section */
		B5C4B1DC1F3C2E6D002C3016 /* week9_1.xcdatamodeld */ = {
			isa = XCVersionGroup;
			children = (
				B5C4B1DD1F3C2E6D002C3016 /* week9_1.xcdatamodel */,
			);
			currentVersion = B5C4B1DD1F3C2E6D002C3016 /* week9_1.xcdatamodel */;
			path = week9_1.xcdatamodeld;
			sourceTree = "<group>";
			versionGroupType = wrapper.xcdatamodel;
		};
/* End XCVersionGroup section */
	};
	rootObject = B5C4B1CA1F3C2E6C002C3016 /* Project object */;
}
