// !$*UTF8*$!
{
	archiveVersion = 1;
	classes = {
	};
	objectVersion = 46;
	objects = {

/* Begin PBXBuildFile section */
		B5DF09A01F41688400CEB2A5 /* AppDelegate.swift in Sources */ = {isa = PBXBuildFile; fileRef = B5DF099F1F41688400CEB2A5 /* AppDelegate.swift */; };
		B5DF09A21F41688400CEB2A5 /* ViewController.swift in Sources */ = {isa = PBXBuildFile; fileRef = B5DF09A11F41688400CEB2A5 /* ViewController.swift */; };
		B5DF09A51F41688400CEB2A5 /* Main.storyboard in Resources */ = {isa = PBXBuildFile; fileRef = B5DF09A31F41688400CEB2A5 /* Main.storyboard */; };
		B5DF09A71F41688400CEB2A5 /* Assets.xcassets in Resources */ = {isa = PBXBuildFile; fileRef = B5DF09A61F41688400CEB2A5 /* Assets.xcassets */; };
		B5DF09AA1F41688400CEB2A5 /* LaunchScreen.storyboard in Resources */ = {isa = PBXBuildFile; fileRef = B5DF09A81F41688400CEB2A5 /* LaunchScreen.storyboard */; };
		B5DF09B21F41694F00CEB2A5 /* webservice.swift in Sources */ = {isa = PBXBuildFile; fileRef = B5DF09B11F41694F00CEB2A5 /* webservice.swift */; };
		B5E192821F44286D00012481 /* TableViewCell.swift in Sources */ = {isa = PBXBuildFile; fileRef = B5E192811F44286D00012481 /* TableViewCell.swift */; };
/* End PBXBuildFile section */

/* Begin PBXFileReference section */
		B5DF099C1F41688300CEB2A5 /* week10.app */ = {isa = PBXFileReference; explicitFileType = wrapper.application; includeInIndex = 0; path = week10.app; sourceTree = BUILT_PRODUCTS_DIR; };
		B5DF099F1F41688400CEB2A5 /* AppDelegate.swift */ = {isa = PBXFileReference; lastKnownFileType = sourcecode.swift; path = AppDelegate.swift; sourceTree = "<group>"; };
		B5DF09A11F41688400CEB2A5 /* ViewController.swift */ = {isa = PBXFileReference; lastKnownFileType = sourcecode.swift; path = ViewController.swift; sourceTree = "<group>"; };
		B5DF09A41F41688400CEB2A5 /* Base */ = {isa = PBXFileReference; lastKnownFileType = file.storyboard; name = Base; path = Base.lproj/Main.storyboard; sourceTree = "<group>"; };
		B5DF09A61F41688400CEB2A5 /* Assets.xcassets */ = {isa = PBXFileReference; lastKnownFileType = folder.assetcatalog; path = Assets.xcassets; sourceTree = "<group>"; };
		B5DF09A91F41688400CEB2A5 /* Base */ = {isa = PBXFileReference; lastKnownFileType = file.storyboard; name = Base; path = Base.lproj/LaunchScreen.storyboard; sourceTree = "<group>"; };
		B5DF09AB1F41688400CEB2A5 /* Info.plist */ = {isa = PBXFileReference; lastKnownFileType = text.plist.xml; path = Info.plist; sourceTree = "<group>"; };
		B5DF09B11F41694F00CEB2A5 /* webservice.swift */ = {isa = PBXFileReference; fileEncoding = 4; lastKnownFileType = sourcecode.swift; name = webservice.swift; path = ../../../JR/jr/webservice.swift; sourceTree = "<group>"; };
		B5E192811F44286D00012481 /* TableViewCell.swift */ = {isa = PBXFileReference; fileEncoding = 4; lastKnownFileType = sourcecode.swift; path = TableViewCell.swift; sourceTree = "<group>"; };
/* End PBXFileReference section */

/* Begin PBXFrameworksBuildPhase section */
		B5DF09991F41688200CEB2A5 /* Frameworks */ = {
			isa = PBXFrameworksBuildPhase;
			buildActionMask = 2147483647;
			files = (
			);
			runOnlyForDeploymentPostprocessing = 0;
		};
/* End PBXFrameworksBuildPhase section */

/* Begin PBXGroup section */
		B5DF09931F41688200CEB2A5 = {
			isa = PBXGroup;
			children = (
				B5DF099E1F41688300CEB2A5 /* week10 */,
				B5DF099D1F41688300CEB2A5 /* Products */,
			);
			sourceTree = "<group>";
		};
		B5DF099D1F41688300CEB2A5 /* Products */ = {
			isa = PBXGroup;
			children = (
				B5DF099C1F41688300CEB2A5 /* week10.app */,
			);
			name = Products;
			sourceTree = "<group>";
		};
		B5DF099E1F41688300CEB2A5 /* week10 */ = {
			isa = PBXGroup;
			children = (
				B5DF099F1F41688400CEB2A5 /* AppDelegate.swift */,
				B5DF09A11F41688400CEB2A5 /* ViewController.swift */,
				B5E192811F44286D00012481 /* TableViewCell.swift */,
				B5DF09B11F41694F00CEB2A5 /* webservice.swift */,
				B5DF09A31F41688400CEB2A5 /* Main.storyboard */,
				B5DF09A61F41688400CEB2A5 /* Assets.xcassets */,
				B5DF09A81F41688400CEB2A5 /* LaunchScreen.storyboard */,
				B5DF09AB1F41688400CEB2A5 /* Info.plist */,
			);
			path = week10;
			sourceTree = "<group>";
		};
/* End PBXGroup section */

/* Begin PBXNativeTarget section */
		B5DF099B1F41688200CEB2A5 /* week10 */ = {
			isa = PBXNativeTarget;
			buildConfigurationList = B5DF09AE1F41688400CEB2A5 /* Build configuration list for PBXNativeTarget "week10" */;
			buildPhases = (
				B5DF09981F41688200CEB2A5 /* Sources */,
				B5DF09991F41688200CEB2A5 /* Frameworks */,
				B5DF099A1F41688200CEB2A5 /* Resources */,
			);
			buildRules = (
			);
			dependencies = (
			);
			name = week10;
			productName = week10;
			productReference = B5DF099C1F41688300CEB2A5 /* week10.app */;
			productType = "com.apple.product-type.application";
		};
/* End PBXNativeTarget section */

/* Begin PBXProject section */
		B5DF09941F41688200CEB2A5 /* Project object */ = {
			isa = PBXProject;
			attributes = {
				LastSwiftUpdateCheck = 0820;
				LastUpgradeCheck = 0820;
				ORGANIZATIONNAME = appzoc;
				TargetAttributes = {
					B5DF099B1F41688200CEB2A5 = {
						CreatedOnToolsVersion = 8.2.1;
						ProvisioningStyle = Automatic;
					};
				};
			};
			buildConfigurationList = B5DF09971F41688200CEB2A5 /* Build configuration list for PBXProject "week10" */;
			compatibilityVersion = "Xcode 3.2";
			developmentRegion = English;
			hasScannedForEncodings = 0;
			knownRegions = (
				en,
				Base,
			);
			mainGroup = B5DF09931F41688200CEB2A5;
			productRefGroup = B5DF099D1F41688300CEB2A5 /* Products */;
			projectDirPath = "";
			projectRoot = "";
			targets = (
				B5DF099B1F41688200CEB2A5 /* week10 */,
			);
		};
/* End PBXProject section */

/* Begin PBXResourcesBuildPhase section */
		B5DF099A1F41688200CEB2A5 /* Resources */ = {
			isa = PBXResourcesBuildPhase;
			buildActionMask = 2147483647;
			files = (
				B5DF09AA1F41688400CEB2A5 /* LaunchScreen.storyboard in Resources */,
				B5DF09A71F41688400CEB2A5 /* Assets.xcassets in Resources */,
				B5DF09A51F41688400CEB2A5 /* Main.storyboard in Resources */,
			);
			runOnlyForDeploymentPostprocessing = 0;
		};
/* End PBXResourcesBuildPhase section */

/* Begin PBXSourcesBuildPhase section */
		B5DF09981F41688200CEB2A5 /* Sources */ = {
			isa = PBXSourcesBuildPhase;
			buildActionMask = 2147483647;
			files = (
				B5DF09B21F41694F00CEB2A5 /* webservice.swift in Sources */,
				B5E192821F44286D00012481 /* TableViewCell.swift in Sources */,
				B5DF09A21F41688400CEB2A5 /* ViewController.swift in Sources */,
				B5DF09A01F41688400CEB2A5 /* AppDelegate.swift in Sources */,
			);
			runOnlyForDeploymentPostprocessing = 0;
		};
/* End PBXSourcesBuildPhase section */

/* Begin PBXVariantGroup section */
		B5DF09A31F41688400CEB2A5 /* Main.storyboard */ = {
			isa = PBXVariantGroup;
			children = (
				B5DF09A41F41688400CEB2A5 /* Base */,
			);
			name = Main.storyboard;
			sourceTree = "<group>";
		};
		B5DF09A81F41688400CEB2A5 /* LaunchScreen.storyboard */ = {
			isa = PBXVariantGroup;
			children = (
				B5DF09A91F41688400CEB2A5 /* Base */,
			);
			name = LaunchScreen.storyboard;
			sourceTree = "<group>";
		};
/* End PBXVariantGroup section */

/* Begin XCBuildConfiguration section */
		B5DF09AC1F41688400CEB2A5 /* Debug */ = {
			isa = XCBuildConfiguration;
			buildSettings = {
				ALWAYS_SEARCH_USER_PATHS = NO;
				CLANG_ANALYZER_NONNULL = YES;
				CLANG_CXX_LANGUAGE_STANDARD = "gnu++0x";
				CLANG_CXX_LIBRARY = "libc++";
				CLANG_ENABLE_MODULES = YES;
				CLANG_ENABLE_OBJC_ARC = YES;
				CLANG_WARN_BOOL_CONVERSION = YES;
				CLANG_WARN_CONSTANT_CONVERSION = YES;
				CLANG_WARN_DIRECT_OBJC_ISA_USAGE = YES_ERROR;
				CLANG_WARN_DOCUMENTATION_COMMENTS = YES;
				CLANG_WARN_EMPTY_BODY = YES;
				CLANG_WARN_ENUM_CONVERSION = YES;
				CLANG_WARN_INFINITE_RECURSION = YES;
				CLANG_WARN_INT_CONVERSION = YES;
				CLANG_WARN_OBJC_ROOT_CLASS = YES_ERROR;
				CLANG_WARN_SUSPICIOUS_MOVE = YES;
				CLANG_WARN_UNREACHABLE_CODE = YES;
				CLANG_WARN__DUPLICATE_METHOD_MATCH = YES;
				"CODE_SIGN_IDENTITY[sdk=iphoneos*]" = "iPhone Developer";
				COPY_PHASE_STRIP = NO;
				DEBUG_INFORMATION_FORMAT = dwarf;
				ENABLE_STRICT_OBJC_MSGSEND = YES;
				ENABLE_TESTABILITY = YES;
				GCC_C_LANGUAGE_STANDARD = gnu99;
				GCC_DYNAMIC_NO_PIC = NO;
				GCC_NO_COMMON_BLOCKS = YES;
				GCC_OPTIMIZATION_LEVEL = 0;
				GCC_PREPROCESSOR_DEFINITIONS = (
					"DEBUG=1",
					"$(inherited)",
				);
				GCC_WARN_64_TO_32_BIT_CONVERSION = YES;
				GCC_WARN_ABOUT_RETURN_TYPE = YES_ERROR;
				GCC_WARN_UNDECLARED_SELECTOR = YES;
				GCC_WARN_UNINITIALIZED_AUTOS = YES_AGGRESSIVE;
				GCC_WARN_UNUSED_FUNCTION = YES;
				GCC_WARN_UNUSED_VARIABLE = YES;
				IPHONEOS_DEPLOYMENT_TARGET = 10.2;
				MTL_ENABLE_DEBUG_INFO = YES;
				ONLY_ACTIVE_ARCH = YES;
				SDKROOT = iphoneos;
				SWIFT_ACTIVE_COMPILATION_CONDITIONS = DEBUG;
				SWIFT_OPTIMIZATION_LEVEL = "-Onone";
			};
			name = Debug;
		};
		B5DF09AD1F41688400CEB2A5 /* Release */ = {
			isa = XCBuildConfiguration;
			buildSettings = {
				ALWAYS_SEARCH_USER_PATHS = NO;
				CLANG_ANALYZER_NONNULL = YES;
				CLANG_CXX_LANGUAGE_STANDARD = "gnu++0x";
				CLANG_CXX_LIBRARY = "libc++";
				CLANG_ENABLE_MODULES = YES;
				CLANG_ENABLE_OBJC_ARC = YES;
				CLANG_WARN_BOOL_CONVERSION = YES;
				CLANG_WARN_CONSTANT_CONVERSION = YES;
				CLANG_WARN_DIRECT_OBJC_ISA_USAGE = YES_ERROR;
				CLANG_WARN_DOCUMENTATION_COMMENTS = YES;
				CLANG_WARN_EMPTY_BODY = YES;
				CLANG_WARN_ENUM_CONVERSION = YES;
				CLANG_WARN_INFINITE_RECURSION = YES;
				CLANG_WARN_INT_CONVERSION = YES;
				CLANG_WARN_OBJC_ROOT_CLASS = YES_ERROR;
				CLANG_WARN_SUSPICIOUS_MOVE = YES;
				CLANG_WARN_UNREACHABLE_CODE = YES;
				CLANG_WARN__DUPLICATE_METHOD_MATCH = YES;
				"CODE_SIGN_IDENTITY[sdk=iphoneos*]" = "iPhone Developer";
				COPY_PHASE_STRIP = NO;
				DEBUG_INFORMATION_FORMAT = "dwarf-with-dsym";
				ENABLE_NS_ASSERTIONS = NO;
				ENABLE_STRICT_OBJC_MSGSEND = YES;
				GCC_C_LANGUAGE_STANDARD = gnu99;
				GCC_NO_COMMON_BLOCKS = YES;
				GCC_WARN_64_TO_32_BIT_CONVERSION = YES;
				GCC_WARN_ABOUT_RETURN_TYPE = YES_ERROR;
				GCC_WARN_UNDECLARED_SELECTOR = YES;
				GCC_WARN_UNINITIALIZED_AUTOS = YES_AGGRESSIVE;
				GCC_WARN_UNUSED_FUNCTION = YES;
				GCC_WARN_UNUSED_VARIABLE = YES;
				IPHONEOS_DEPLOYMENT_TARGET = 10.2;
				MTL_ENABLE_DEBUG_INFO = NO;
				SDKROOT = iphoneos;
				SWIFT_OPTIMIZATION_LEVEL = "-Owholemodule";
				VALIDATE_PRODUCT = YES;
			};
			name = Release;
		};
		B5DF09AF1F41688400CEB2A5 /* Debug */ = {
			isa = XCBuildConfiguration;
			buildSettings = {
				ASSETCATALOG_COMPILER_APPICON_NAME = AppIcon;
				INFOPLIST_FILE = week10/Info.plist;
				LD_RUNPATH_SEARCH_PATHS = "$(inherited) @executable_path/Frameworks";
				PRODUCT_BUNDLE_IDENTIFIER = com.appzoc.week10;
				PRODUCT_NAME = "$(TARGET_NAME)";
				SWIFT_VERSION = 3.0;
			};
			name = Debug;
		};
		B5DF09B01F41688400CEB2A5 /* Release */ = {
			isa = XCBuildConfiguration;
			buildSettings = {
				ASSETCATALOG_COMPILER_APPICON_NAME = AppIcon;
				INFOPLIST_FILE = week10/Info.plist;
				LD_RUNPATH_SEARCH_PATHS = "$(inherited) @executable_path/Frameworks";
				PRODUCT_BUNDLE_IDENTIFIER = com.appzoc.week10;
				PRODUCT_NAME = "$(TARGET_NAME)";
				SWIFT_VERSION = 3.0;
			};
			name = Release;
		};
/* End XCBuildConfiguration section */

/* Begin XCConfigurationList section */
		B5DF09971F41688200CEB2A5 /* Build configuration list for PBXProject "week10" */ = {
			isa = XCConfigurationList;
			buildConfigurations = (
				B5DF09AC1F41688400CEB2A5 /* Debug */,
				B5DF09AD1F41688400CEB2A5 /* Release */,
			);
			defaultConfigurationIsVisible = 0;
			defaultConfigurationName = Release;
		};
		B5DF09AE1F41688400CEB2A5 /* Build configuration list for PBXNativeTarget "week10" */ = {
			isa = XCConfigurationList;
			buildConfigurations = (
				B5DF09AF1F41688400CEB2A5 /* Debug */,
				B5DF09B01F41688400CEB2A5 /* Release */,
			);
			defaultConfigurationIsVisible = 0;
			defaultConfigurationName = Release;
		};
/* End XCConfigurationList section */
	};
	rootObject = B5DF09941F41688200CEB2A5 /* Project object */;
}
