// !$*UTF8*$!
{
	archiveVersion = 1;
	classes = {
	};
	objectVersion = 46;
	objects = {

/* Begin PBXBuildFile section */
		B503E6E01F27256600112116 /* thankyou.swift in Sources */ = {isa = PBXBuildFile; fileRef = B503E6DF1F27256600112116 /* thankyou.swift */; };
		B554994F1F270F1A004916DC /* TableViewCell.swift in Sources */ = {isa = PBXBuildFile; fileRef = B554994E1F270F1A004916DC /* TableViewCell.swift */; };
		B55499511F270F43004916DC /* CollectionViewCell.swift in Sources */ = {isa = PBXBuildFile; fileRef = B55499501F270F43004916DC /* CollectionViewCell.swift */; };
		B55499581F27159B004916DC /* chappathi.jpg in Resources */ = {isa = PBXBuildFile; fileRef = B55499521F27159B004916DC /* chappathi.jpg */; };
		B55499591F27159B004916DC /* curry.jpg in Resources */ = {isa = PBXBuildFile; fileRef = B55499531F27159B004916DC /* curry.jpg */; };
		B554995A1F27159B004916DC /* lassi.jpg in Resources */ = {isa = PBXBuildFile; fileRef = B55499541F27159B004916DC /* lassi.jpg */; };
		B554995B1F27159B004916DC /* matton.jpg in Resources */ = {isa = PBXBuildFile; fileRef = B55499551F27159B004916DC /* matton.jpg */; };
		B554995C1F27159B004916DC /* paneer.jpg in Resources */ = {isa = PBXBuildFile; fileRef = B55499561F27159B004916DC /* paneer.jpg */; };
		B554995D1F27159B004916DC /* tikka.jpg in Resources */ = {isa = PBXBuildFile; fileRef = B55499571F27159B004916DC /* tikka.jpg */; };
		B5A1712C1F21C69500435FAF /* AppDelegate.swift in Sources */ = {isa = PBXBuildFile; fileRef = B5A1712B1F21C69500435FAF /* AppDelegate.swift */; };
		B5A1712E1F21C69500435FAF /* ViewController.swift in Sources */ = {isa = PBXBuildFile; fileRef = B5A1712D1F21C69500435FAF /* ViewController.swift */; };
		B5A171311F21C69500435FAF /* Main.storyboard in Resources */ = {isa = PBXBuildFile; fileRef = B5A1712F1F21C69500435FAF /* Main.storyboard */; };
		B5A171331F21C69500435FAF /* Assets.xcassets in Resources */ = {isa = PBXBuildFile; fileRef = B5A171321F21C69500435FAF /* Assets.xcassets */; };
		B5A171361F21C69500435FAF /* LaunchScreen.storyboard in Resources */ = {isa = PBXBuildFile; fileRef = B5A171341F21C69500435FAF /* LaunchScreen.storyboard */; };
/* End PBXBuildFile section */

/* Begin PBXFileReference section */
		B503E6DF1F27256600112116 /* thankyou.swift */ = {isa = PBXFileReference; fileEncoding = 4; lastKnownFileType = sourcecode.swift; path = thankyou.swift; sourceTree = "<group>"; };
		B554994E1F270F1A004916DC /* TableViewCell.swift */ = {isa = PBXFileReference; fileEncoding = 4; lastKnownFileType = sourcecode.swift; path = TableViewCell.swift; sourceTree = "<group>"; };
		B55499501F270F43004916DC /* CollectionViewCell.swift */ = {isa = PBXFileReference; fileEncoding = 4; lastKnownFileType = sourcecode.swift; path = CollectionViewCell.swift; sourceTree = "<group>"; };
		B55499521F27159B004916DC /* chappathi.jpg */ = {isa = PBXFileReference; lastKnownFileType = image.jpeg; path = chappathi.jpg; sourceTree = "<group>"; };
		B55499531F27159B004916DC /* curry.jpg */ = {isa = PBXFileReference; lastKnownFileType = image.jpeg; path = curry.jpg; sourceTree = "<group>"; };
		B55499541F27159B004916DC /* lassi.jpg */ = {isa = PBXFileReference; lastKnownFileType = image.jpeg; path = lassi.jpg; sourceTree = "<group>"; };
		B55499551F27159B004916DC /* matton.jpg */ = {isa = PBXFileReference; lastKnownFileType = image.jpeg; path = matton.jpg; sourceTree = "<group>"; };
		B55499561F27159B004916DC /* paneer.jpg */ = {isa = PBXFileReference; lastKnownFileType = image.jpeg; path = paneer.jpg; sourceTree = "<group>"; };
		B55499571F27159B004916DC /* tikka.jpg */ = {isa = PBXFileReference; lastKnownFileType = image.jpeg; path = tikka.jpg; sourceTree = "<group>"; };
		B5A171281F21C69500435FAF /* hotelmenu.app */ = {isa = PBXFileReference; explicitFileType = wrapper.application; includeInIndex = 0; path = hotelmenu.app; sourceTree = BUILT_PRODUCTS_DIR; };
		B5A1712B1F21C69500435FAF /* AppDelegate.swift */ = {isa = PBXFileReference; lastKnownFileType = sourcecode.swift; path = AppDelegate.swift; sourceTree = "<group>"; };
		B5A1712D1F21C69500435FAF /* ViewController.swift */ = {isa = PBXFileReference; lastKnownFileType = sourcecode.swift; path = ViewController.swift; sourceTree = "<group>"; };
		B5A171301F21C69500435FAF /* Base */ = {isa = PBXFileReference; lastKnownFileType = file.storyboard; name = Base; path = Base.lproj/Main.storyboard; sourceTree = "<group>"; };
		B5A171321F21C69500435FAF /* Assets.xcassets */ = {isa = PBXFileReference; lastKnownFileType = folder.assetcatalog; path = Assets.xcassets; sourceTree = "<group>"; };
		B5A171351F21C69500435FAF /* Base */ = {isa = PBXFileReference; lastKnownFileType = file.storyboard; name = Base; path = Base.lproj/LaunchScreen.storyboard; sourceTree = "<group>"; };
		B5A171371F21C69500435FAF /* Info.plist */ = {isa = PBXFileReference; lastKnownFileType = text.plist.xml; path = Info.plist; sourceTree = "<group>"; };
/* End PBXFileReference section */

/* Begin PBXFrameworksBuildPhase section */
		B5A171251F21C69500435FAF /* Frameworks */ = {
			isa = PBXFrameworksBuildPhase;
			buildActionMask = 2147483647;
			files = (
			);
			runOnlyForDeploymentPostprocessing = 0;
		};
/* End PBXFrameworksBuildPhase section */

/* Begin PBXGroup section */
		B5A1711F1F21C69500435FAF = {
			isa = PBXGroup;
			children = (
				B5A1712A1F21C69500435FAF /* hotelmenu */,
				B5A171291F21C69500435FAF /* Products */,
				B55499521F27159B004916DC /* chappathi.jpg */,
				B55499531F27159B004916DC /* curry.jpg */,
				B55499541F27159B004916DC /* lassi.jpg */,
				B55499551F27159B004916DC /* matton.jpg */,
				B55499561F27159B004916DC /* paneer.jpg */,
				B55499571F27159B004916DC /* tikka.jpg */,
			);
			sourceTree = "<group>";
		};
		B5A171291F21C69500435FAF /* Products */ = {
			isa = PBXGroup;
			children = (
				B5A171281F21C69500435FAF /* hotelmenu.app */,
			);
			name = Products;
			sourceTree = "<group>";
		};
		B5A1712A1F21C69500435FAF /* hotelmenu */ = {
			isa = PBXGroup;
			children = (
				B5A1712B1F21C69500435FAF /* AppDelegate.swift */,
				B5A1712D1F21C69500435FAF /* ViewController.swift */,
				B554994E1F270F1A004916DC /* TableViewCell.swift */,
				B503E6DF1F27256600112116 /* thankyou.swift */,
				B55499501F270F43004916DC /* CollectionViewCell.swift */,
				B5A1712F1F21C69500435FAF /* Main.storyboard */,
				B5A171321F21C69500435FAF /* Assets.xcassets */,
				B5A171341F21C69500435FAF /* LaunchScreen.storyboard */,
				B5A171371F21C69500435FAF /* Info.plist */,
			);
			path = hotelmenu;
			sourceTree = "<group>";
		};
/* End PBXGroup section */

/* Begin PBXNativeTarget section */
		B5A171271F21C69500435FAF /* hotelmenu */ = {
			isa = PBXNativeTarget;
			buildConfigurationList = B5A1713A1F21C69500435FAF /* Build configuration list for PBXNativeTarget "hotelmenu" */;
			buildPhases = (
				B5A171241F21C69500435FAF /* Sources */,
				B5A171251F21C69500435FAF /* Frameworks */,
				B5A171261F21C69500435FAF /* Resources */,
			);
			buildRules = (
			);
			dependencies = (
			);
			name = hotelmenu;
			productName = hotelmenu;
			productReference = B5A171281F21C69500435FAF /* hotelmenu.app */;
			productType = "com.apple.product-type.application";
		};
/* End PBXNativeTarget section */

/* Begin PBXProject section */
		B5A171201F21C69500435FAF /* Project object */ = {
			isa = PBXProject;
			attributes = {
				LastSwiftUpdateCheck = 0820;
				LastUpgradeCheck = 0820;
				ORGANIZATIONNAME = appzoc;
				TargetAttributes = {
					B5A171271F21C69500435FAF = {
						CreatedOnToolsVersion = 8.2.1;
						ProvisioningStyle = Automatic;
					};
				};
			};
			buildConfigurationList = B5A171231F21C69500435FAF /* Build configuration list for PBXProject "hotelmenu" */;
			compatibilityVersion = "Xcode 3.2";
			developmentRegion = English;
			hasScannedForEncodings = 0;
			knownRegions = (
				en,
				Base,
			);
			mainGroup = B5A1711F1F21C69500435FAF;
			productRefGroup = B5A171291F21C69500435FAF /* Products */;
			projectDirPath = "";
			projectRoot = "";
			targets = (
				B5A171271F21C69500435FAF /* hotelmenu */,
			);
		};
/* End PBXProject section */

/* Begin PBXResourcesBuildPhase section */
		B5A171261F21C69500435FAF /* Resources */ = {
			isa = PBXResourcesBuildPhase;
			buildActionMask = 2147483647;
			files = (
				B5A171361F21C69500435FAF /* LaunchScreen.storyboard in Resources */,
				B5A171331F21C69500435FAF /* Assets.xcassets in Resources */,
				B554995A1F27159B004916DC /* lassi.jpg in Resources */,
				B55499581F27159B004916DC /* chappathi.jpg in Resources */,
				B554995C1F27159B004916DC /* paneer.jpg in Resources */,
				B55499591F27159B004916DC /* curry.jpg in Resources */,
				B5A171311F21C69500435FAF /* Main.storyboard in Resources */,
				B554995B1F27159B004916DC /* matton.jpg in Resources */,
				B554995D1F27159B004916DC /* tikka.jpg in Resources */,
			);
			runOnlyForDeploymentPostprocessing = 0;
		};
/* End PBXResourcesBuildPhase section */

/* Begin PBXSourcesBuildPhase section */
		B5A171241F21C69500435FAF /* Sources */ = {
			isa = PBXSourcesBuildPhase;
			buildActionMask = 2147483647;
			files = (
				B554994F1F270F1A004916DC /* TableViewCell.swift in Sources */,
				B5A1712E1F21C69500435FAF /* ViewController.swift in Sources */,
				B503E6E01F27256600112116 /* thankyou.swift in Sources */,
				B55499511F270F43004916DC /* CollectionViewCell.swift in Sources */,
				B5A1712C1F21C69500435FAF /* AppDelegate.swift in Sources */,
			);
			runOnlyForDeploymentPostprocessing = 0;
		};
/* End PBXSourcesBuildPhase section */

/* Begin PBXVariantGroup section */
		B5A1712F1F21C69500435FAF /* Main.storyboard */ = {
			isa = PBXVariantGroup;
			children = (
				B5A171301F21C69500435FAF /* Base */,
			);
			name = Main.storyboard;
			sourceTree = "<group>";
		};
		B5A171341F21C69500435FAF /* LaunchScreen.storyboard */ = {
			isa = PBXVariantGroup;
			children = (
				B5A171351F21C69500435FAF /* Base */,
			);
			name = LaunchScreen.storyboard;
			sourceTree = "<group>";
		};
/* End PBXVariantGroup section */

/* Begin XCBuildConfiguration section */
		B5A171381F21C69500435FAF /* Debug */ = {
			isa = XCBuildConfiguration;
			buildSettings = {
				ALWAYS_SEARCH_USER_PATHS = NO;
				CLANG_ANALYZER_NONNULL = YES;
				CLANG_CXX_LANGUAGE_STANDARD = "gnu++0x";
				CLANG_CXX_LIBRARY = "libc++";
				CLANG_ENABLE_MODULES = YES;
				CLANG_ENABLE_OBJC_ARC = YES;
				CLANG_WARN_BOOL_CONVERSION = YES;
				CLANG_WARN_CONSTANT_CONVERSION = YES;
				CLANG_WARN_DIRECT_OBJC_ISA_USAGE = YES_ERROR;
				CLANG_WARN_DOCUMENTATION_COMMENTS = YES;
				CLANG_WARN_EMPTY_BODY = YES;
				CLANG_WARN_ENUM_CONVERSION = YES;
				CLANG_WARN_INFINITE_RECURSION = YES;
				CLANG_WARN_INT_CONVERSION = YES;
				CLANG_WARN_OBJC_ROOT_CLASS = YES_ERROR;
				CLANG_WARN_SUSPICIOUS_MOVE = YES;
				CLANG_WARN_UNREACHABLE_CODE = YES;
				CLANG_WARN__DUPLICATE_METHOD_MATCH = YES;
				"CODE_SIGN_IDENTITY[sdk=iphoneos*]" = "iPhone Developer";
				COPY_PHASE_STRIP = NO;
				DEBUG_INFORMATION_FORMAT = dwarf;
				ENABLE_STRICT_OBJC_MSGSEND = YES;
				ENABLE_TESTABILITY = YES;
				GCC_C_LANGUAGE_STANDARD = gnu99;
				GCC_DYNAMIC_NO_PIC = NO;
				GCC_NO_COMMON_BLOCKS = YES;
				GCC_OPTIMIZATION_LEVEL = 0;
				GCC_PREPROCESSOR_DEFINITIONS = (
					"DEBUG=1",
					"$(inherited)",
				);
				GCC_WARN_64_TO_32_BIT_CONVERSION = YES;
				GCC_WARN_ABOUT_RETURN_TYPE = YES_ERROR;
				GCC_WARN_UNDECLARED_SELECTOR = YES;
				GCC_WARN_UNINITIALIZED_AUTOS = YES_AGGRESSIVE;
				GCC_WARN_UNUSED_FUNCTION = YES;
				GCC_WARN_UNUSED_VARIABLE = YES;
				IPHONEOS_DEPLOYMENT_TARGET = 10.2;
				MTL_ENABLE_DEBUG_INFO = YES;
				ONLY_ACTIVE_ARCH = YES;
				SDKROOT = iphoneos;
				SWIFT_ACTIVE_COMPILATION_CONDITIONS = DEBUG;
				SWIFT_OPTIMIZATION_LEVEL = "-Onone";
			};
			name = Debug;
		};
		B5A171391F21C69500435FAF /* Release */ = {
			isa = XCBuildConfiguration;
			buildSettings = {
				ALWAYS_SEARCH_USER_PATHS = NO;
				CLANG_ANALYZER_NONNULL = YES;
				CLANG_CXX_LANGUAGE_STANDARD = "gnu++0x";
				CLANG_CXX_LIBRARY = "libc++";
				CLANG_ENABLE_MODULES = YES;
				CLANG_ENABLE_OBJC_ARC = YES;
				CLANG_WARN_BOOL_CONVERSION = YES;
				CLANG_WARN_CONSTANT_CONVERSION = YES;
				CLANG_WARN_DIRECT_OBJC_ISA_USAGE = YES_ERROR;
				CLANG_WARN_DOCUMENTATION_COMMENTS = YES;
				CLANG_WARN_EMPTY_BODY = YES;
				CLANG_WARN_ENUM_CONVERSION = YES;
				CLANG_WARN_INFINITE_RECURSION = YES;
				CLANG_WARN_INT_CONVERSION = YES;
				CLANG_WARN_OBJC_ROOT_CLASS = YES_ERROR;
				CLANG_WARN_SUSPICIOUS_MOVE = YES;
				CLANG_WARN_UNREACHABLE_CODE = YES;
				CLANG_WARN__DUPLICATE_METHOD_MATCH = YES;
				"CODE_SIGN_IDENTITY[sdk=iphoneos*]" = "iPhone Developer";
				COPY_PHASE_STRIP = NO;
				DEBUG_INFORMATION_FORMAT = "dwarf-with-dsym";
				ENABLE_NS_ASSERTIONS = NO;
				ENABLE_STRICT_OBJC_MSGSEND = YES;
				GCC_C_LANGUAGE_STANDARD = gnu99;
				GCC_NO_COMMON_BLOCKS = YES;
				GCC_WARN_64_TO_32_BIT_CONVERSION = YES;
				GCC_WARN_ABOUT_RETURN_TYPE = YES_ERROR;
				GCC_WARN_UNDECLARED_SELECTOR = YES;
				GCC_WARN_UNINITIALIZED_AUTOS = YES_AGGRESSIVE;
				GCC_WARN_UNUSED_FUNCTION = YES;
				GCC_WARN_UNUSED_VARIABLE = YES;
				IPHONEOS_DEPLOYMENT_TARGET = 10.2;
				MTL_ENABLE_DEBUG_INFO = NO;
				SDKROOT = iphoneos;
				SWIFT_OPTIMIZATION_LEVEL = "-Owholemodule";
				VALIDATE_PRODUCT = YES;
			};
			name = Release;
		};
		B5A1713B1F21C69500435FAF /* Debug */ = {
			isa = XCBuildConfiguration;
			buildSettings = {
				ASSETCATALOG_COMPILER_APPICON_NAME = AppIcon;
				INFOPLIST_FILE = hotelmenu/Info.plist;
				IPHONEOS_DEPLOYMENT_TARGET = 10.1;
				LD_RUNPATH_SEARCH_PATHS = "$(inherited) @executable_path/Frameworks";
				PRODUCT_BUNDLE_IDENTIFIER = com.appzoc.hotelmenu;
				PRODUCT_NAME = "$(TARGET_NAME)";
				SWIFT_VERSION = 3.0;
			};
			name = Debug;
		};
		B5A1713C1F21C69500435FAF /* Release */ = {
			isa = XCBuildConfiguration;
			buildSettings = {
				ASSETCATALOG_COMPILER_APPICON_NAME = AppIcon;
				INFOPLIST_FILE = hotelmenu/Info.plist;
				IPHONEOS_DEPLOYMENT_TARGET = 10.1;
				LD_RUNPATH_SEARCH_PATHS = "$(inherited) @executable_path/Frameworks";
				PRODUCT_BUNDLE_IDENTIFIER = com.appzoc.hotelmenu;
				PRODUCT_NAME = "$(TARGET_NAME)";
				SWIFT_VERSION = 3.0;
			};
			name = Release;
		};
/* End XCBuildConfiguration section */

/* Begin XCConfigurationList section */
		B5A171231F21C69500435FAF /* Build configuration list for PBXProject "hotelmenu" */ = {
			isa = XCConfigurationList;
			buildConfigurations = (
				B5A171381F21C69500435FAF /* Debug */,
				B5A171391F21C69500435FAF /* Release */,
			);
			defaultConfigurationIsVisible = 0;
			defaultConfigurationName = Release;
		};
		B5A1713A1F21C69500435FAF /* Build configuration list for PBXNativeTarget "hotelmenu" */ = {
			isa = XCConfigurationList;
			buildConfigurations = (
				B5A1713B1F21C69500435FAF /* Debug */,
				B5A1713C1F21C69500435FAF /* Release */,
			);
			defaultConfigurationIsVisible = 0;
			defaultConfigurationName = Release;
		};
/* End XCConfigurationList section */
	};
	rootObject = B5A171201F21C69500435FAF /* Project object */;
}
